// !$*UTF8*$!
{
	archiveVersion = 1;
	classes = {
	};
	objectVersion = 51;
	objects = {

/* Begin PBXBuildFile section */
		08544F34259190DF00E22902 /* AppDelegate.swift in Sources */ = {isa = PBXBuildFile; fileRef = 08544F33259190DF00E22902 /* AppDelegate.swift */; };
		08544F38259190DF00E22902 /* ViewController.swift in Sources */ = {isa = PBXBuildFile; fileRef = 08544F37259190DF00E22902 /* ViewController.swift */; };
		08544F3B259190DF00E22902 /* Main.storyboard in Resources */ = {isa = PBXBuildFile; fileRef = 08544F39259190DF00E22902 /* Main.storyboard */; };
		08544F3E259190DF00E22902 /* TBMtimeBaseControll.xcdatamodeld in Sources */ = {isa = PBXBuildFile; fileRef = 08544F3C259190DF00E22902 /* TBMtimeBaseControll.xcdatamodeld */; };
		08544F40259190E000E22902 /* Assets.xcassets in Resources */ = {isa = PBXBuildFile; fileRef = 08544F3F259190E000E22902 /* Assets.xcassets */; };
		08544F43259190E000E22902 /* LaunchScreen.storyboard in Resources */ = {isa = PBXBuildFile; fileRef = 08544F41259190E000E22902 /* LaunchScreen.storyboard */; };
		085451362591C7C400E22902 /* ExcludeVC.swift in Sources */ = {isa = PBXBuildFile; fileRef = 0854512D2591C7C400E22902 /* ExcludeVC.swift */; };
		085451372591C7C400E22902 /* CommonEnume.swift in Sources */ = {isa = PBXBuildFile; fileRef = 085451302591C7C400E22902 /* CommonEnume.swift */; };
		085451382591C7C400E22902 /* MNRNetRequset.swift in Sources */ = {isa = PBXBuildFile; fileRef = 085451322591C7C400E22902 /* MNRNetRequset.swift */; };
		085451392591C7C400E22902 /* MtimeBaseControllHeader.swift in Sources */ = {isa = PBXBuildFile; fileRef = 085451342591C7C400E22902 /* MtimeBaseControllHeader.swift */; };
		0854522C2591DB3900E22902 /* MTBViewController.swift in Sources */ = {isa = PBXBuildFile; fileRef = 0854520B2591DB3800E22902 /* MTBViewController.swift */; };
		085452352591DB3900E22902 /* MNFBaseViewController.swift in Sources */ = {isa = PBXBuildFile; fileRef = 0854521C2591DB3800E22902 /* MNFBaseViewController.swift */; };
		0854525B2591E0CF00E22902 /* Retro.jpg in Resources */ = {isa = PBXBuildFile; fileRef = 0854525A2591E0CF00E22902 /* Retro.jpg */; };
		085452602591E0D900E22902 /* motuo1.jpg in Resources */ = {isa = PBXBuildFile; fileRef = 0854525F2591E0D900E22902 /* motuo1.jpg */; };
		085452672591E24100E22902 /* Demo.storyboard in Resources */ = {isa = PBXBuildFile; fileRef = 085452662591E24100E22902 /* Demo.storyboard */; };
		0854526F2591E28100E22902 /* MNFDemoStoryBoardVC.swift in Sources */ = {isa = PBXBuildFile; fileRef = 0854526E2591E28100E22902 /* MNFDemoStoryBoardVC.swift */; };
		085452E82591E6DB00E22902 /* shanghai@3x.png in Resources */ = {isa = PBXBuildFile; fileRef = 085452E62591E6DB00E22902 /* shanghai@3x.png */; };
		085452E92591E6DB00E22902 /* shanghai@2x.png in Resources */ = {isa = PBXBuildFile; fileRef = 085452E72591E6DB00E22902 /* shanghai@2x.png */; };
		0854544D2591ECAD00E22902 /* BundleExtention.swift in Sources */ = {isa = PBXBuildFile; fileRef = 0854544C2591ECAD00E22902 /* BundleExtention.swift */; };
		F7BD5370BCF5DEF7FD4826C9 /* Pods_TBMtimeBaseControll.framework in Frameworks */ = {isa = PBXBuildFile; fileRef = CE6FBB3A62D635F7317D16EF /* Pods_TBMtimeBaseControll.framework */; };
/* End PBXBuildFile section */

/* Begin PBXContainerItemProxy section */
		08544F4A259190E000E22902 /* PBXContainerItemProxy */ = {
			isa = PBXContainerItemProxy;
			containerPortal = 08544F28259190DF00E22902 /* Project object */;
			proxyType = 1;
			remoteGlobalIDString = 08544F2F259190DF00E22902;
			remoteInfo = TBMtimeBaseControll;
		};
		08544F55259190E000E22902 /* PBXContainerItemProxy */ = {
			isa = PBXContainerItemProxy;
			containerPortal = 08544F28259190DF00E22902 /* Project object */;
			proxyType = 1;
			remoteGlobalIDString = 08544F2F259190DF00E22902;
			remoteInfo = TBMtimeBaseControll;
		};
/* End PBXContainerItemProxy section */

/* Begin PBXFileReference section */
		08544F30259190DF00E22902 /* TBMtimeBaseControll.app */ = {isa = PBXFileReference; explicitFileType = wrapper.application; includeInIndex = 0; path = TBMtimeBaseControll.app; sourceTree = BUILT_PRODUCTS_DIR; };
		08544F33259190DF00E22902 /* AppDelegate.swift */ = {isa = PBXFileReference; lastKnownFileType = sourcecode.swift; path = AppDelegate.swift; sourceTree = "<group>"; };
		08544F37259190DF00E22902 /* ViewController.swift */ = {isa = PBXFileReference; lastKnownFileType = sourcecode.swift; path = ViewController.swift; sourceTree = "<group>"; };
		08544F3A259190DF00E22902 /* Base */ = {isa = PBXFileReference; lastKnownFileType = file.storyboard; name = Base; path = Base.lproj/Main.storyboard; sourceTree = "<group>"; };
		08544F3D259190DF00E22902 /* TBMtimeBaseControll.xcdatamodel */ = {isa = PBXFileReference; lastKnownFileType = wrapper.xcdatamodel; path = TBMtimeBaseControll.xcdatamodel; sourceTree = "<group>"; };
		08544F3F259190E000E22902 /* Assets.xcassets */ = {isa = PBXFileReference; lastKnownFileType = folder.assetcatalog; path = Assets.xcassets; sourceTree = "<group>"; };
		08544F42259190E000E22902 /* Base */ = {isa = PBXFileReference; lastKnownFileType = file.storyboard; name = Base; path = Base.lproj/LaunchScreen.storyboard; sourceTree = "<group>"; };
		08544F44259190E000E22902 /* Info.plist */ = {isa = PBXFileReference; lastKnownFileType = text.plist.xml; path = Info.plist; sourceTree = "<group>"; };
		08544F49259190E000E22902 /* TBMtimeBaseControllTests.xctest */ = {isa = PBXFileReference; explicitFileType = wrapper.cfbundle; includeInIndex = 0; path = TBMtimeBaseControllTests.xctest; sourceTree = BUILT_PRODUCTS_DIR; };
		08544F54259190E000E22902 /* TBMtimeBaseControllUITests.xctest */ = {isa = PBXFileReference; explicitFileType = wrapper.cfbundle; includeInIndex = 0; path = TBMtimeBaseControllUITests.xctest; sourceTree = BUILT_PRODUCTS_DIR; };
		0854512D2591C7C400E22902 /* ExcludeVC.swift */ = {isa = PBXFileReference; fileEncoding = 4; lastKnownFileType = sourcecode.swift; path = ExcludeVC.swift; sourceTree = "<group>"; };
		085451302591C7C400E22902 /* CommonEnume.swift */ = {isa = PBXFileReference; fileEncoding = 4; lastKnownFileType = sourcecode.swift; path = CommonEnume.swift; sourceTree = "<group>"; };
		085451322591C7C400E22902 /* MNRNetRequset.swift */ = {isa = PBXFileReference; fileEncoding = 4; lastKnownFileType = sourcecode.swift; path = MNRNetRequset.swift; sourceTree = "<group>"; };
		085451342591C7C400E22902 /* MtimeBaseControllHeader.swift */ = {isa = PBXFileReference; fileEncoding = 4; lastKnownFileType = sourcecode.swift; path = MtimeBaseControllHeader.swift; sourceTree = "<group>"; };
		0854520B2591DB3800E22902 /* MTBViewController.swift */ = {isa = PBXFileReference; fileEncoding = 4; lastKnownFileType = sourcecode.swift; path = MTBViewController.swift; sourceTree = "<group>"; };
		0854521C2591DB3800E22902 /* MNFBaseViewController.swift */ = {isa = PBXFileReference; fileEncoding = 4; lastKnownFileType = sourcecode.swift; path = MNFBaseViewController.swift; sourceTree = "<group>"; };
		0854525A2591E0CF00E22902 /* Retro.jpg */ = {isa = PBXFileReference; lastKnownFileType = image.jpeg; path = Retro.jpg; sourceTree = "<group>"; };
		0854525F2591E0D900E22902 /* motuo1.jpg */ = {isa = PBXFileReference; lastKnownFileType = image.jpeg; path = motuo1.jpg; sourceTree = "<group>"; };
		085452662591E24100E22902 /* Demo.storyboard */ = {isa = PBXFileReference; lastKnownFileType = file.storyboard; path = Demo.storyboard; sourceTree = "<group>"; };
		0854526E2591E28100E22902 /* MNFDemoStoryBoardVC.swift */ = {isa = PBXFileReference; lastKnownFileType = sourcecode.swift; path = MNFDemoStoryBoardVC.swift; sourceTree = "<group>"; };
		085452E62591E6DB00E22902 /* shanghai@3x.png */ = {isa = PBXFileReference; lastKnownFileType = image.png; path = "shanghai@3x.png"; sourceTree = "<group>"; };
		085452E72591E6DB00E22902 /* shanghai@2x.png */ = {isa = PBXFileReference; lastKnownFileType = image.png; path = "shanghai@2x.png"; sourceTree = "<group>"; };
		0854544C2591ECAD00E22902 /* BundleExtention.swift */ = {isa = PBXFileReference; lastKnownFileType = sourcecode.swift; path = BundleExtention.swift; sourceTree = "<group>"; };
		7EA332F23ECCE9D5D8C66541 /* Pods-TBMtimeBaseControll.release.xcconfig */ = {isa = PBXFileReference; includeInIndex = 1; lastKnownFileType = text.xcconfig; name = "Pods-TBMtimeBaseControll.release.xcconfig"; path = "Target Support Files/Pods-TBMtimeBaseControll/Pods-TBMtimeBaseControll.release.xcconfig"; sourceTree = "<group>"; };
		7FB4FF73325941077E4E4DD6 /* Pods-TBMtimeBaseControll.debug.xcconfig */ = {isa = PBXFileReference; includeInIndex = 1; lastKnownFileType = text.xcconfig; name = "Pods-TBMtimeBaseControll.debug.xcconfig"; path = "Target Support Files/Pods-TBMtimeBaseControll/Pods-TBMtimeBaseControll.debug.xcconfig"; sourceTree = "<group>"; };
		CE6FBB3A62D635F7317D16EF /* Pods_TBMtimeBaseControll.framework */ = {isa = PBXFileReference; explicitFileType = wrapper.framework; includeInIndex = 0; path = Pods_TBMtimeBaseControll.framework; sourceTree = BUILT_PRODUCTS_DIR; };
/* End PBXFileReference section */

/* Begin PBXFrameworksBuildPhase section */
		08544F2D259190DF00E22902 /* Frameworks */ = {
			isa = PBXFrameworksBuildPhase;
			buildActionMask = 2147483647;
			files = (
				F7BD5370BCF5DEF7FD4826C9 /* Pods_TBMtimeBaseControll.framework in Frameworks */,
			);
			runOnlyForDeploymentPostprocessing = 0;
		};
		08544F46259190E000E22902 /* Frameworks */ = {
			isa = PBXFrameworksBuildPhase;
			buildActionMask = 2147483647;
			files = (
			);
			runOnlyForDeploymentPostprocessing = 0;
		};
		08544F51259190E000E22902 /* Frameworks */ = {
			isa = PBXFrameworksBuildPhase;
			buildActionMask = 2147483647;
			files = (
			);
			runOnlyForDeploymentPostprocessing = 0;
		};
/* End PBXFrameworksBuildPhase section */

/* Begin PBXGroup section */
		08544F27259190DF00E22902 = {
			isa = PBXGroup;
			children = (
				08544F32259190DF00E22902 /* TBMtimeBaseControll */,
				08544F31259190DF00E22902 /* Products */,
				A88898443453A30C231B6ED6 /* Pods */,
				5AB90C93165D11DA521926EC /* Frameworks */,
			);
			sourceTree = "<group>";
		};
		08544F31259190DF00E22902 /* Products */ = {
			isa = PBXGroup;
			children = (
				08544F30259190DF00E22902 /* TBMtimeBaseControll.app */,
				08544F49259190E000E22902 /* TBMtimeBaseControllTests.xctest */,
				08544F54259190E000E22902 /* TBMtimeBaseControllUITests.xctest */,
			);
			name = Products;
			sourceTree = "<group>";
		};
		08544F32259190DF00E22902 /* TBMtimeBaseControll */ = {
			isa = PBXGroup;
			children = (
				085452642591E21300E22902 /* Demo */,
				085452592591DF7300E22902 /* ImageResource */,
				0854512E2591C7C400E22902 /* Common */,
				0854512C2591C7C400E22902 /* Exclude */,
				08544F33259190DF00E22902 /* AppDelegate.swift */,
				08544F37259190DF00E22902 /* ViewController.swift */,
				08544F39259190DF00E22902 /* Main.storyboard */,
				08544F3F259190E000E22902 /* Assets.xcassets */,
				08544F41259190E000E22902 /* LaunchScreen.storyboard */,
				08544F44259190E000E22902 /* Info.plist */,
				08544F3C259190DF00E22902 /* TBMtimeBaseControll.xcdatamodeld */,
			);
			path = TBMtimeBaseControll;
			sourceTree = "<group>";
		};
		0854512C2591C7C400E22902 /* Exclude */ = {
			isa = PBXGroup;
			children = (
				0854512D2591C7C400E22902 /* ExcludeVC.swift */,
			);
			path = Exclude;
			sourceTree = "<group>";
		};
		0854512E2591C7C400E22902 /* Common */ = {
			isa = PBXGroup;
			children = (
				085452F32591E73E00E22902 /* Extention */,
				085452092591DB3800E22902 /* Base */,
				0854512F2591C7C400E22902 /* CommonEnume */,
				085451312591C7C400E22902 /* NetRquest */,
				085451332591C7C400E22902 /* CommonHeaders */,
			);
			path = Common;
			sourceTree = "<group>";
		};
		0854512F2591C7C400E22902 /* CommonEnume */ = {
			isa = PBXGroup;
			children = (
				085451302591C7C400E22902 /* CommonEnume.swift */,
			);
			path = CommonEnume;
			sourceTree = "<group>";
		};
		085451312591C7C400E22902 /* NetRquest */ = {
			isa = PBXGroup;
			children = (
				085451322591C7C400E22902 /* MNRNetRequset.swift */,
			);
			path = NetRquest;
			sourceTree = "<group>";
		};
		085451332591C7C400E22902 /* CommonHeaders */ = {
			isa = PBXGroup;
			children = (
				085451342591C7C400E22902 /* MtimeBaseControllHeader.swift */,
			);
			path = CommonHeaders;
			sourceTree = "<group>";
		};
		085452092591DB3800E22902 /* Base */ = {
			isa = PBXGroup;
			children = (
				0854520A2591DB3800E22902 /* BaseVCs */,
			);
			name = Base;
			path = TBMtimeBaseControll/Base;
			sourceTree = SOURCE_ROOT;
		};
		0854520A2591DB3800E22902 /* BaseVCs */ = {
			isa = PBXGroup;
			children = (
				0854520B2591DB3800E22902 /* MTBViewController.swift */,
				0854521C2591DB3800E22902 /* MNFBaseViewController.swift */,
			);
			path = BaseVCs;
			sourceTree = "<group>";
		};
		085452592591DF7300E22902 /* ImageResource */ = {
			isa = PBXGroup;
			children = (
				085452E72591E6DB00E22902 /* shanghai@2x.png */,
				085452E62591E6DB00E22902 /* shanghai@3x.png */,
				0854525F2591E0D900E22902 /* motuo1.jpg */,
				0854525A2591E0CF00E22902 /* Retro.jpg */,
			);
			path = ImageResource;
			sourceTree = "<group>";
		};
		085452642591E21300E22902 /* Demo */ = {
			isa = PBXGroup;
			children = (
				085452652591E21800E22902 /* DemoVCs */,
			);
			path = Demo;
			sourceTree = "<group>";
		};
		085452652591E21800E22902 /* DemoVCs */ = {
			isa = PBXGroup;
			children = (
				085452662591E24100E22902 /* Demo.storyboard */,
				0854526E2591E28100E22902 /* MNFDemoStoryBoardVC.swift */,
			);
			path = DemoVCs;
			sourceTree = "<group>";
		};
		085452F32591E73E00E22902 /* Extention */ = {
			isa = PBXGroup;
			children = (
				0854544C2591ECAD00E22902 /* BundleExtention.swift */,
			);
			path = Extention;
			sourceTree = "<group>";
		};
		5AB90C93165D11DA521926EC /* Frameworks */ = {
			isa = PBXGroup;
			children = (
				CE6FBB3A62D635F7317D16EF /* Pods_TBMtimeBaseControll.framework */,
			);
			name = Frameworks;
			sourceTree = "<group>";
		};
		A88898443453A30C231B6ED6 /* Pods */ = {
			isa = PBXGroup;
			children = (
				7FB4FF73325941077E4E4DD6 /* Pods-TBMtimeBaseControll.debug.xcconfig */,
				7EA332F23ECCE9D5D8C66541 /* Pods-TBMtimeBaseControll.release.xcconfig */,
			);
			path = Pods;
			sourceTree = "<group>";
		};
/* End PBXGroup section */

/* Begin PBXNativeTarget section */
		08544F2F259190DF00E22902 /* TBMtimeBaseControll */ = {
			isa = PBXNativeTarget;
			buildConfigurationList = 08544F5D259190E000E22902 /* Build configuration list for PBXNativeTarget "TBMtimeBaseControll" */;
			buildPhases = (
				BAF2847E8AF2D85B71102C34 /* [CP] Check Pods Manifest.lock */,
				08544F2C259190DF00E22902 /* Sources */,
				08544F2D259190DF00E22902 /* Frameworks */,
				08544F2E259190DF00E22902 /* Resources */,
				F35EC71260D7C31F085B29E4 /* [CP] Embed Pods Frameworks */,
			);
			buildRules = (
			);
			dependencies = (
			);
			name = TBMtimeBaseControll;
			productName = TBMtimeBaseControll;
			productReference = 08544F30259190DF00E22902 /* TBMtimeBaseControll.app */;
			productType = "com.apple.product-type.application";
		};
		08544F48259190E000E22902 /* TBMtimeBaseControllTests */ = {
			isa = PBXNativeTarget;
			buildConfigurationList = 08544F60259190E000E22902 /* Build configuration list for PBXNativeTarget "TBMtimeBaseControllTests" */;
			buildPhases = (
				08544F45259190E000E22902 /* Sources */,
				08544F46259190E000E22902 /* Frameworks */,
				08544F47259190E000E22902 /* Resources */,
			);
			buildRules = (
			);
			dependencies = (
				08544F4B259190E000E22902 /* PBXTargetDependency */,
			);
			name = TBMtimeBaseControllTests;
			productName = TBMtimeBaseControllTests;
			productReference = 08544F49259190E000E22902 /* TBMtimeBaseControllTests.xctest */;
			productType = "com.apple.product-type.bundle.unit-test";
		};
		08544F53259190E000E22902 /* TBMtimeBaseControllUITests */ = {
			isa = PBXNativeTarget;
			buildConfigurationList = 08544F63259190E000E22902 /* Build configuration list for PBXNativeTarget "TBMtimeBaseControllUITests" */;
			buildPhases = (
				08544F50259190E000E22902 /* Sources */,
				08544F51259190E000E22902 /* Frameworks */,
				08544F52259190E000E22902 /* Resources */,
			);
			buildRules = (
			);
			dependencies = (
				08544F56259190E000E22902 /* PBXTargetDependency */,
			);
			name = TBMtimeBaseControllUITests;
			productName = TBMtimeBaseControllUITests;
			productReference = 08544F54259190E000E22902 /* TBMtimeBaseControllUITests.xctest */;
			productType = "com.apple.product-type.bundle.ui-testing";
		};
/* End PBXNativeTarget section */

/* Begin PBXProject section */
		08544F28259190DF00E22902 /* Project object */ = {
			isa = PBXProject;
			attributes = {
				LastSwiftUpdateCheck = 1230;
				LastUpgradeCheck = 1230;
				TargetAttributes = {
					08544F2F259190DF00E22902 = {
						CreatedOnToolsVersion = 12.3;
					};
					08544F48259190E000E22902 = {
						CreatedOnToolsVersion = 12.3;
						TestTargetID = 08544F2F259190DF00E22902;
					};
					08544F53259190E000E22902 = {
						CreatedOnToolsVersion = 12.3;
						TestTargetID = 08544F2F259190DF00E22902;
					};
				};
			};
			buildConfigurationList = 08544F2B259190DF00E22902 /* Build configuration list for PBXProject "TBMtimeBaseControll" */;
			compatibilityVersion = "Xcode 9.3";
			developmentRegion = en;
			hasScannedForEncodings = 0;
			knownRegions = (
				en,
				Base,
			);
			mainGroup = 08544F27259190DF00E22902;
			productRefGroup = 08544F31259190DF00E22902 /* Products */;
			projectDirPath = "";
			projectRoot = "";
			targets = (
				08544F2F259190DF00E22902 /* TBMtimeBaseControll */,
				08544F48259190E000E22902 /* TBMtimeBaseControllTests */,
				08544F53259190E000E22902 /* TBMtimeBaseControllUITests */,
			);
		};
/* End PBXProject section */

/* Begin PBXResourcesBuildPhase section */
		08544F2E259190DF00E22902 /* Resources */ = {
			isa = PBXResourcesBuildPhase;
			buildActionMask = 2147483647;
			files = (
				0854525B2591E0CF00E22902 /* Retro.jpg in Resources */,
				085452602591E0D900E22902 /* motuo1.jpg in Resources */,
				085452E82591E6DB00E22902 /* shanghai@3x.png in Resources */,
				08544F43259190E000E22902 /* LaunchScreen.storyboard in Resources */,
				08544F40259190E000E22902 /* Assets.xcassets in Resources */,
				08544F3B259190DF00E22902 /* Main.storyboard in Resources */,
				085452672591E24100E22902 /* Demo.storyboard in Resources */,
				085452E92591E6DB00E22902 /* shanghai@2x.png in Resources */,
			);
			runOnlyForDeploymentPostprocessing = 0;
		};
		08544F47259190E000E22902 /* Resources */ = {
			isa = PBXResourcesBuildPhase;
			buildActionMask = 2147483647;
			files = (
			);
			runOnlyForDeploymentPostprocessing = 0;
		};
		08544F52259190E000E22902 /* Resources */ = {
			isa = PBXResourcesBuildPhase;
			buildActionMask = 2147483647;
			files = (
			);
			runOnlyForDeploymentPostprocessing = 0;
		};
/* End PBXResourcesBuildPhase section */

/* Begin PBXShellScriptBuildPhase section */
		BAF2847E8AF2D85B71102C34 /* [CP] Check Pods Manifest.lock */ = {
			isa = PBXShellScriptBuildPhase;
			buildActionMask = 2147483647;
			files = (
			);
			inputFileListPaths = (
			);
			inputPaths = (
				"${PODS_PODFILE_DIR_PATH}/Podfile.lock",
				"${PODS_ROOT}/Manifest.lock",
			);
			name = "[CP] Check Pods Manifest.lock";
			outputFileListPaths = (
			);
			outputPaths = (
				"$(DERIVED_FILE_DIR)/Pods-TBMtimeBaseControll-checkManifestLockResult.txt",
			);
			runOnlyForDeploymentPostprocessing = 0;
			shellPath = /bin/sh;
			shellScript = "diff \"${PODS_PODFILE_DIR_PATH}/Podfile.lock\" \"${PODS_ROOT}/Manifest.lock\" > /dev/null\nif [ $? != 0 ] ; then\n    # print error to STDERR\n    echo \"error: The sandbox is not in sync with the Podfile.lock. Run 'pod install' or update your CocoaPods installation.\" >&2\n    exit 1\nfi\n# This output is used by Xcode 'outputs' to avoid re-running this script phase.\necho \"SUCCESS\" > \"${SCRIPT_OUTPUT_FILE_0}\"\n";
			showEnvVarsInLog = 0;
		};
		F35EC71260D7C31F085B29E4 /* [CP] Embed Pods Frameworks */ = {
			isa = PBXShellScriptBuildPhase;
			buildActionMask = 2147483647;
			files = (
			);
			inputFileListPaths = (
				"${PODS_ROOT}/Target Support Files/Pods-TBMtimeBaseControll/Pods-TBMtimeBaseControll-frameworks-${CONFIGURATION}-input-files.xcfilelist",
			);
			name = "[CP] Embed Pods Frameworks";
			outputFileListPaths = (
				"${PODS_ROOT}/Target Support Files/Pods-TBMtimeBaseControll/Pods-TBMtimeBaseControll-frameworks-${CONFIGURATION}-output-files.xcfilelist",
			);
			runOnlyForDeploymentPostprocessing = 0;
			shellPath = /bin/sh;
			shellScript = "\"${PODS_ROOT}/Target Support Files/Pods-TBMtimeBaseControll/Pods-TBMtimeBaseControll-frameworks.sh\"\n";
			showEnvVarsInLog = 0;
		};
/* End PBXShellScriptBuildPhase section */

/* Begin PBXSourcesBuildPhase section */
		08544F2C259190DF00E22902 /* Sources */ = {
			isa = PBXSourcesBuildPhase;
			buildActionMask = 2147483647;
			files = (
				08544F3E259190DF00E22902 /* TBMtimeBaseControll.xcdatamodeld in Sources */,
				0854544D2591ECAD00E22902 /* BundleExtention.swift in Sources */,
				085451362591C7C400E22902 /* ExcludeVC.swift in Sources */,
				08544F38259190DF00E22902 /* ViewController.swift in Sources */,
				085451382591C7C400E22902 /* MNRNetRequset.swift in Sources */,
				0854522C2591DB3900E22902 /* MTBViewController.swift in Sources */,
				085451392591C7C400E22902 /* MtimeBaseControllHeader.swift in Sources */,
				085451372591C7C400E22902 /* CommonEnume.swift in Sources */,
				08544F34259190DF00E22902 /* AppDelegate.swift in Sources */,
				0854526F2591E28100E22902 /* MNFDemoStoryBoardVC.swift in Sources */,
				085452352591DB3900E22902 /* MNFBaseViewController.swift in Sources */,
			);
			runOnlyForDeploymentPostprocessing = 0;
		};
		08544F45259190E000E22902 /* Sources */ = {
			isa = PBXSourcesBuildPhase;
			buildActionMask = 2147483647;
			files = (
			);
			runOnlyForDeploymentPostprocessing = 0;
		};
		08544F50259190E000E22902 /* Sources */ = {
			isa = PBXSourcesBuildPhase;
			buildActionMask = 2147483647;
			files = (
			);
			runOnlyForDeploymentPostprocessing = 0;
		};
/* End PBXSourcesBuildPhase section */

/* Begin PBXTargetDependency section */
		08544F4B259190E000E22902 /* PBXTargetDependency */ = {
			isa = PBXTargetDependency;
			target = 08544F2F259190DF00E22902 /* TBMtimeBaseControll */;
			targetProxy = 08544F4A259190E000E22902 /* PBXContainerItemProxy */;
		};
		08544F56259190E000E22902 /* PBXTargetDependency */ = {
			isa = PBXTargetDependency;
			target = 08544F2F259190DF00E22902 /* TBMtimeBaseControll */;
			targetProxy = 08544F55259190E000E22902 /* PBXContainerItemProxy */;
		};
/* End PBXTargetDependency section */

/* Begin PBXVariantGroup section */
		08544F39259190DF00E22902 /* Main.storyboard */ = {
			isa = PBXVariantGroup;
			children = (
				08544F3A259190DF00E22902 /* Base */,
			);
			name = Main.storyboard;
			sourceTree = "<group>";
		};
		08544F41259190E000E22902 /* LaunchScreen.storyboard */ = {
			isa = PBXVariantGroup;
			children = (
				08544F42259190E000E22902 /* Base */,
			);
			name = LaunchScreen.storyboard;
			sourceTree = "<group>";
		};
/* End PBXVariantGroup section */

/* Begin XCBuildConfiguration section */
		08544F5B259190E000E22902 /* Debug */ = {
			isa = XCBuildConfiguration;
			buildSettings = {
				ALWAYS_SEARCH_USER_PATHS = NO;
				CLANG_ANALYZER_NONNULL = YES;
				CLANG_ANALYZER_NUMBER_OBJECT_CONVERSION = YES_AGGRESSIVE;
				CLANG_CXX_LANGUAGE_STANDARD = "gnu++14";
				CLANG_CXX_LIBRARY = "libc++";
				CLANG_ENABLE_MODULES = YES;
				CLANG_ENABLE_OBJC_ARC = YES;
				CLANG_ENABLE_OBJC_WEAK = YES;
				CLANG_WARN_BLOCK_CAPTURE_AUTORELEASING = YES;
				CLANG_WARN_BOOL_CONVERSION = YES;
				CLANG_WARN_COMMA = YES;
				CLANG_WARN_CONSTANT_CONVERSION = YES;
				CLANG_WARN_DEPRECATED_OBJC_IMPLEMENTATIONS = YES;
				CLANG_WARN_DIRECT_OBJC_ISA_USAGE = YES_ERROR;
				CLANG_WARN_DOCUMENTATION_COMMENTS = YES;
				CLANG_WARN_EMPTY_BODY = YES;
				CLANG_WARN_ENUM_CONVERSION = YES;
				CLANG_WARN_INFINITE_RECURSION = YES;
				CLANG_WARN_INT_CONVERSION = YES;
				CLANG_WARN_NON_LITERAL_NULL_CONVERSION = YES;
				CLANG_WARN_OBJC_IMPLICIT_RETAIN_SELF = YES;
				CLANG_WARN_OBJC_LITERAL_CONVERSION = YES;
				CLANG_WARN_OBJC_ROOT_CLASS = YES_ERROR;
				CLANG_WARN_QUOTED_INCLUDE_IN_FRAMEWORK_HEADER = YES;
				CLANG_WARN_RANGE_LOOP_ANALYSIS = YES;
				CLANG_WARN_STRICT_PROTOTYPES = YES;
				CLANG_WARN_SUSPICIOUS_MOVE = YES;
				CLANG_WARN_UNGUARDED_AVAILABILITY = YES_AGGRESSIVE;
				CLANG_WARN_UNREACHABLE_CODE = YES;
				CLANG_WARN__DUPLICATE_METHOD_MATCH = YES;
				COPY_PHASE_STRIP = NO;
				DEBUG_INFORMATION_FORMAT = dwarf;
				ENABLE_STRICT_OBJC_MSGSEND = YES;
				ENABLE_TESTABILITY = YES;
				GCC_C_LANGUAGE_STANDARD = gnu11;
				GCC_DYNAMIC_NO_PIC = NO;
				GCC_NO_COMMON_BLOCKS = YES;
				GCC_OPTIMIZATION_LEVEL = 0;
				GCC_PREPROCESSOR_DEFINITIONS = (
					"DEBUG=1",
					"$(inherited)",
				);
				GCC_WARN_64_TO_32_BIT_CONVERSION = YES;
				GCC_WARN_ABOUT_RETURN_TYPE = YES_ERROR;
				GCC_WARN_UNDECLARED_SELECTOR = YES;
				GCC_WARN_UNINITIALIZED_AUTOS = YES_AGGRESSIVE;
				GCC_WARN_UNUSED_FUNCTION = YES;
				GCC_WARN_UNUSED_VARIABLE = YES;
				IPHONEOS_DEPLOYMENT_TARGET = 14.3;
				MTL_ENABLE_DEBUG_INFO = INCLUDE_SOURCE;
				MTL_FAST_MATH = YES;
				ONLY_ACTIVE_ARCH = YES;
				SDKROOT = iphoneos;
				SWIFT_ACTIVE_COMPILATION_CONDITIONS = DEBUG;
				SWIFT_OPTIMIZATION_LEVEL = "-Onone";
			};
			name = Debug;
		};
		08544F5C259190E000E22902 /* Release */ = {
			isa = XCBuildConfiguration;
			buildSettings = {
				ALWAYS_SEARCH_USER_PATHS = NO;
				CLANG_ANALYZER_NONNULL = YES;
				CLANG_ANALYZER_NUMBER_OBJECT_CONVERSION = YES_AGGRESSIVE;
				CLANG_CXX_LANGUAGE_STANDARD = "gnu++14";
				CLANG_CXX_LIBRARY = "libc++";
				CLANG_ENABLE_MODULES = YES;
				CLANG_ENABLE_OBJC_ARC = YES;
				CLANG_ENABLE_OBJC_WEAK = YES;
				CLANG_WARN_BLOCK_CAPTURE_AUTORELEASING = YES;
				CLANG_WARN_BOOL_CONVERSION = YES;
				CLANG_WARN_COMMA = YES;
				CLANG_WARN_CONSTANT_CONVERSION = YES;
				CLANG_WARN_DEPRECATED_OBJC_IMPLEMENTATIONS = YES;
				CLANG_WARN_DIRECT_OBJC_ISA_USAGE = YES_ERROR;
				CLANG_WARN_DOCUMENTATION_COMMENTS = YES;
				CLANG_WARN_EMPTY_BODY = YES;
				CLANG_WARN_ENUM_CONVERSION = YES;
				CLANG_WARN_INFINITE_RECURSION = YES;
				CLANG_WARN_INT_CONVERSION = YES;
				CLANG_WARN_NON_LITERAL_NULL_CONVERSION = YES;
				CLANG_WARN_OBJC_IMPLICIT_RETAIN_SELF = YES;
				CLANG_WARN_OBJC_LITERAL_CONVERSION = YES;
				CLANG_WARN_OBJC_ROOT_CLASS = YES_ERROR;
				CLANG_WARN_QUOTED_INCLUDE_IN_FRAMEWORK_HEADER = YES;
				CLANG_WARN_RANGE_LOOP_ANALYSIS = YES;
				CLANG_WARN_STRICT_PROTOTYPES = YES;
				CLANG_WARN_SUSPICIOUS_MOVE = YES;
				CLANG_WARN_UNGUARDED_AVAILABILITY = YES_AGGRESSIVE;
				CLANG_WARN_UNREACHABLE_CODE = YES;
				CLANG_WARN__DUPLICATE_METHOD_MATCH = YES;
				COPY_PHASE_STRIP = NO;
				DEBUG_INFORMATION_FORMAT = "dwarf-with-dsym";
				ENABLE_NS_ASSERTIONS = NO;
				ENABLE_STRICT_OBJC_MSGSEND = YES;
				GCC_C_LANGUAGE_STANDARD = gnu11;
				GCC_NO_COMMON_BLOCKS = YES;
				GCC_WARN_64_TO_32_BIT_CONVERSION = YES;
				GCC_WARN_ABOUT_RETURN_TYPE = YES_ERROR;
				GCC_WARN_UNDECLARED_SELECTOR = YES;
				GCC_WARN_UNINITIALIZED_AUTOS = YES_AGGRESSIVE;
				GCC_WARN_UNUSED_FUNCTION = YES;
				GCC_WARN_UNUSED_VARIABLE = YES;
				IPHONEOS_DEPLOYMENT_TARGET = 14.3;
				MTL_ENABLE_DEBUG_INFO = NO;
				MTL_FAST_MATH = YES;
				SDKROOT = iphoneos;
				SWIFT_COMPILATION_MODE = wholemodule;
				SWIFT_OPTIMIZATION_LEVEL = "-O";
				VALIDATE_PRODUCT = YES;
			};
			name = Release;
		};
		08544F5E259190E000E22902 /* Debug */ = {
			isa = XCBuildConfiguration;
			baseConfigurationReference = 7FB4FF73325941077E4E4DD6 /* Pods-TBMtimeBaseControll.debug.xcconfig */;
			buildSettings = {
				ASSETCATALOG_COMPILER_APPICON_NAME = AppIcon;
				ASSETCATALOG_COMPILER_GLOBAL_ACCENT_COLOR_NAME = AccentColor;
				CODE_SIGN_STYLE = Automatic;
				DEVELOPMENT_TEAM = FEL65848P8;
				INFOPLIST_FILE = TBMtimeBaseControll/Info.plist;
				IPHONEOS_DEPLOYMENT_TARGET = 11.0;
				LD_RUNPATH_SEARCH_PATHS = (
					"$(inherited)",
					"@executable_path/Frameworks",
				);
				MARKETING_VERSION = 0.0.1;
				PRODUCT_BUNDLE_IDENTIFIER = com.mtime.mTime.TBMtimeBaseControll;
				PRODUCT_NAME = "$(TARGET_NAME)";
				SWIFT_VERSION = 5.0;
				TARGETED_DEVICE_FAMILY = 1;
			};
			name = Debug;
		};
		08544F5F259190E000E22902 /* Release */ = {
			isa = XCBuildConfiguration;
			baseConfigurationReference = 7EA332F23ECCE9D5D8C66541 /* Pods-TBMtimeBaseControll.release.xcconfig */;
			buildSettings = {
				ASSETCATALOG_COMPILER_APPICON_NAME = AppIcon;
				ASSETCATALOG_COMPILER_GLOBAL_ACCENT_COLOR_NAME = AccentColor;
				CODE_SIGN_STYLE = Automatic;
				DEVELOPMENT_TEAM = FEL65848P8;
				INFOPLIST_FILE = TBMtimeBaseControll/Info.plist;
				IPHONEOS_DEPLOYMENT_TARGET = 11.0;
				LD_RUNPATH_SEARCH_PATHS = (
					"$(inherited)",
					"@executable_path/Frameworks",
				);
				MARKETING_VERSION = 0.0.1;
				PRODUCT_BUNDLE_IDENTIFIER = com.mtime.mTime.TBMtimeBaseControll;
				PRODUCT_NAME = "$(TARGET_NAME)";
				SWIFT_VERSION = 5.0;
				TARGETED_DEVICE_FAMILY = 1;
			};
			name = Release;
		};
		08544F61259190E000E22902 /* Debug */ = {
			isa = XCBuildConfiguration;
			buildSettings = {
				ALWAYS_EMBED_SWIFT_STANDARD_LIBRARIES = YES;
				BUNDLE_LOADER = "$(TEST_HOST)";
				CODE_SIGN_STYLE = Automatic;
				DEVELOPMENT_TEAM = FEL65848P8;
				INFOPLIST_FILE = TBMtimeBaseControllTests/Info.plist;
				IPHONEOS_DEPLOYMENT_TARGET = 14.3;
				LD_RUNPATH_SEARCH_PATHS = (
					"$(inherited)",
					"@executable_path/Frameworks",
					"@loader_path/Frameworks",
				);
				PRODUCT_BUNDLE_IDENTIFIER = com.mtime.mTime.TBMtimeBaseControllTests;
				PRODUCT_NAME = "$(TARGET_NAME)";
				SWIFT_VERSION = 5.0;
				TARGETED_DEVICE_FAMILY = "1,2";
				TEST_HOST = "$(BUILT_PRODUCTS_DIR)/TBMtimeBaseControll.app/TBMtimeBaseControll";
			};
			name = Debug;
		};
		08544F62259190E000E22902 /* Release */ = {
			isa = XCBuildConfiguration;
			buildSettings = {
				ALWAYS_EMBED_SWIFT_STANDARD_LIBRARIES = YES;
				BUNDLE_LOADER = "$(TEST_HOST)";
				CODE_SIGN_STYLE = Automatic;
				DEVELOPMENT_TEAM = FEL65848P8;
				INFOPLIST_FILE = TBMtimeBaseControllTests/Info.plist;
				IPHONEOS_DEPLOYMENT_TARGET = 14.3;
				LD_RUNPATH_SEARCH_PATHS = (
					"$(inherited)",
					"@executable_path/Frameworks",
					"@loader_path/Frameworks",
				);
				PRODUCT_BUNDLE_IDENTIFIER = com.mtime.mTime.TBMtimeBaseControllTests;
				PRODUCT_NAME = "$(TARGET_NAME)";
				SWIFT_VERSION = 5.0;
				TARGETED_DEVICE_FAMILY = "1,2";
				TEST_HOST = "$(BUILT_PRODUCTS_DIR)/TBMtimeBaseControll.app/TBMtimeBaseControll";
			};
			name = Release;
		};
		08544F64259190E000E22902 /* Debug */ = {
			isa = XCBuildConfiguration;
			buildSettings = {
				ALWAYS_EMBED_SWIFT_STANDARD_LIBRARIES = YES;
				CODE_SIGN_STYLE = Automatic;
				DEVELOPMENT_TEAM = FEL65848P8;
				INFOPLIST_FILE = TBMtimeBaseControllUITests/Info.plist;
				LD_RUNPATH_SEARCH_PATHS = (
					"$(inherited)",
					"@executable_path/Frameworks",
					"@loader_path/Frameworks",
				);
				PRODUCT_BUNDLE_IDENTIFIER = com.mtime.mTime.TBMtimeBaseControllUITests;
				PRODUCT_NAME = "$(TARGET_NAME)";
				SWIFT_VERSION = 5.0;
				TARGETED_DEVICE_FAMILY = "1,2";
				TEST_TARGET_NAME = TBMtimeBaseControll;
			};
			name = Debug;
		};
		08544F65259190E000E22902 /* Release */ = {
			isa = XCBuildConfiguration;
			buildSettings = {
				ALWAYS_EMBED_SWIFT_STANDARD_LIBRARIES = YES;
				CODE_SIGN_STYLE = Automatic;
				DEVELOPMENT_TEAM = FEL65848P8;
				INFOPLIST_FILE = TBMtimeBaseControllUITests/Info.plist;
				LD_RUNPATH_SEARCH_PATHS = (
					"$(inherited)",
					"@executable_path/Frameworks",
					"@loader_path/Frameworks",
				);
				PRODUCT_BUNDLE_IDENTIFIER = com.mtime.mTime.TBMtimeBaseControllUITests;
				PRODUCT_NAME = "$(TARGET_NAME)";
				SWIFT_VERSION = 5.0;
				TARGETED_DEVICE_FAMILY = "1,2";
				TEST_TARGET_NAME = TBMtimeBaseControll;
			};
			name = Release;
		};
/* End XCBuildConfiguration section */

/* Begin XCConfigurationList section */
		08544F2B259190DF00E22902 /* Build configuration list for PBXProject "TBMtimeBaseControll" */ = {
			isa = XCConfigurationList;
			buildConfigurations = (
				08544F5B259190E000E22902 /* Debug */,
				08544F5C259190E000E22902 /* Release */,
			);
			defaultConfigurationIsVisible = 0;
			defaultConfigurationName = Release;
		};
		08544F5D259190E000E22902 /* Build configuration list for PBXNativeTarget "TBMtimeBaseControll" */ = {
			isa = XCConfigurationList;
			buildConfigurations = (
				08544F5E259190E000E22902 /* Debug */,
				08544F5F259190E000E22902 /* Release */,
			);
			defaultConfigurationIsVisible = 0;
			defaultConfigurationName = Release;
		};
		08544F60259190E000E22902 /* Build configuration list for PBXNativeTarget "TBMtimeBaseControllTests" */ = {
			isa = XCConfigurationList;
			buildConfigurations = (
				08544F61259190E000E22902 /* Debug */,
				08544F62259190E000E22902 /* Release */,
			);
			defaultConfigurationIsVisible = 0;
			defaultConfigurationName = Release;
		};
		08544F63259190E000E22902 /* Build configuration list for PBXNativeTarget "TBMtimeBaseControllUITests" */ = {
			isa = XCConfigurationList;
			buildConfigurations = (
				08544F64259190E000E22902 /* Debug */,
				08544F65259190E000E22902 /* Release */,
			);
			defaultConfigurationIsVisible = 0;
			defaultConfigurationName = Release;
		};
/* End XCConfigurationList section */

/* Begin XCVersionGroup section */
		08544F3C259190DF00E22902 /* TBMtimeBaseControll.xcdatamodeld */ = {
			isa = XCVersionGroup;
			children = (
				08544F3D259190DF00E22902 /* TBMtimeBaseControll.xcdatamodel */,
			);
			currentVersion = 08544F3D259190DF00E22902 /* TBMtimeBaseControll.xcdatamodel */;
			path = TBMtimeBaseControll.xcdatamodeld;
			sourceTree = "<group>";
			versionGroupType = wrapper.xcdatamodel;
		};
/* End XCVersionGroup section */
	};
	rootObject = 08544F28259190DF00E22902 /* Project object */;
}
